
Microsoft Visual Studio Solution File, Format Version 12.00
# Visual Studio Version 17
VisualStudioVersion = 17.10.35013.160
MinimumVisualStudioVersion = 10.0.40219.1
Project("{FAE04EC0-301F-11D3-BF4B-00C04F79EFBC}") = "CasoPractico1", "CasoPractico1.csproj", "{A473010A-14CB-47D6-A65B-63B5413BC896}"
EndProject
Global
	GlobalSection(SolutionConfigurationPlatforms) = preSolution
		Debug|Any CPU = Debug|Any CPU
		Release|Any CPU = Release|Any CPU
	EndGlobalSection
	GlobalSection(ProjectConfigurationPlatforms) = postSolution
		{A473010A-14CB-47D6-A65B-63B5413BC896}.Debug|Any CPU.ActiveCfg = Debug|Any CPU
		{A473010A-14CB-47D6-A65B-63B5413BC896}.Debug|Any CPU.Build.0 = Debug|Any CPU
		{A473010A-14CB-47D6-A65B-63B5413BC896}.Release|Any CPU.ActiveCfg = Release|Any CPU
		{A473010A-14CB-47D6-A65B-63B5413BC896}.Release|Any CPU.Build.0 = Release|Any CPU
	EndGlobalSection
	GlobalSection(SolutionProperties) = preSolution
		HideSolutionNode = FALSE
	EndGlobalSection
	GlobalSection(ExtensibilityGlobals) = postSolution
		SolutionGuid = {52D91EB0-3C85-4EA0-852C-70A7D6C2A169}
	EndGlobalSection
EndGlobal
